<?xml version="1.0" encoding="utf-8"?>
<Project ToolsVersion="4.0" xmlns="http://schemas.microsoft.com/developer/msbuild/2003">
  <ItemGroup>
    <Filter Include="Assets">
      <UniqueIdentifier>{9b8b7c8e-5e7f-4a56-8468-05da2c1095d5}</UniqueIdentifier>
    </Filter>
    <Filter Include="Assets\Shaders">
      <UniqueIdentifier>{ddc5f67d-e293-4c0f-b2a5-f52a7ee1229e}</UniqueIdentifier>
    </Filter>
    <Filter Include="common">
      <UniqueIdentifier>{d7c7d4d1-c648-498b-ac64-db00ed760fad}</UniqueIdentifier>
    </Filter>
  </ItemGroup>
  <ItemGroup>
    <ClCompile Include="main.cpp" />
    <ClCompile Include="common\loadShader.cpp">
      <Filter>common</Filter>
    </ClCompile>
  </ItemGroup>
  <ItemGroup>
    <Text Include="Assets\Shaders\vertexShader.txt">
      <Filter>Assets\Shaders</Filter>
    </Text>
    <Text Include="Assets\Shaders\fragmentShader.txt">
      <Filter>Assets\Shaders</Filter>
    </Text>
  </ItemGroup>
  <ItemGroup>
    <ClInclude Include="Assets\Shaders\loadShader.h">
      <Filter>common</Filter>
    </ClInclude>
  </ItemGroup>
</Project>